// !$*UTF8*$!
{
	archiveVersion = 1;
	classes = {
	};
	objectVersion = 46;
	objects = {

/* Begin PBXBuildFile section */
		1F9D6DA91F000C4100A2718D /* SBViewControllerRoot.m in Sources */ = {isa = PBXBuildFile; fileRef = 1F9D6DA81F000C4100A2718D /* SBViewControllerRoot.m */; };
		1F9D6DAC1F000C5100A2718D /* SBViewController02.m in Sources */ = {isa = PBXBuildFile; fileRef = 1F9D6DAB1F000C5100A2718D /* SBViewController02.m */; };
		1F9D6DAF1F000C5F00A2718D /* SBViewController03.m in Sources */ = {isa = PBXBuildFile; fileRef = 1F9D6DAE1F000C5F00A2718D /* SBViewController03.m */; };
		1FD5B0D51EFF4FD8008AB50F /* main.m in Sources */ = {isa = PBXBuildFile; fileRef = 1FD5B0D41EFF4FD8008AB50F /* main.m */; };
		1FD5B0D81EFF4FD8008AB50F /* AppDelegate.m in Sources */ = {isa = PBXBuildFile; fileRef = 1FD5B0D71EFF4FD8008AB50F /* AppDelegate.m */; };
		1FD5B0DE1EFF4FD8008AB50F /* Main.storyboard in Resources */ = {isa = PBXBuildFile; fileRef = 1FD5B0DC1EFF4FD8008AB50F /* Main.storyboard */; };
		1FD5B0E01EFF4FD8008AB50F /* Assets.xcassets in Resources */ = {isa = PBXBuildFile; fileRef = 1FD5B0DF1EFF4FD8008AB50F /* Assets.xcassets */; };
		1FD5B0E31EFF4FD8008AB50F /* LaunchScreen.storyboard in Resources */ = {isa = PBXBuildFile; fileRef = 1FD5B0E11EFF4FD8008AB50F /* LaunchScreen.storyboard */; };
/* End PBXBuildFile section */

/* Begin PBXFileReference section */
		1F9D6DA71F000C4100A2718D /* SBViewControllerRoot.h */ = {isa = PBXFileReference; fileEncoding = 4; lastKnownFileType = sourcecode.c.h; path = SBViewControllerRoot.h; sourceTree = "<group>"; };
		1F9D6DA81F000C4100A2718D /* SBViewControllerRoot.m */ = {isa = PBXFileReference; fileEncoding = 4; lastKnownFileType = sourcecode.c.objc; path = SBViewControllerRoot.m; sourceTree = "<group>"; };
		1F9D6DAA1F000C5100A2718D /* SBViewController02.h */ = {isa = PBXFileReference; fileEncoding = 4; lastKnownFileType = sourcecode.c.h; path = SBViewController02.h; sourceTree = "<group>"; };
		1F9D6DAB1F000C5100A2718D /* SBViewController02.m */ = {isa = PBXFileReference; fileEncoding = 4; lastKnownFileType = sourcecode.c.objc; path = SBViewController02.m; sourceTree = "<group>"; };
		1F9D6DAD1F000C5F00A2718D /* SBViewController03.h */ = {isa = PBXFileReference; fileEncoding = 4; lastKnownFileType = sourcecode.c.h; path = SBViewController03.h; sourceTree = "<group>"; };
		1F9D6DAE1F000C5F00A2718D /* SBViewController03.m */ = {isa = PBXFileReference; fileEncoding = 4; lastKnownFileType = sourcecode.c.objc; path = SBViewController03.m; sourceTree = "<group>"; };
		1FD5B0D01EFF4FD8008AB50F /* UINavigationController-storyboard.app */ = {isa = PBXFileReference; explicitFileType = wrapper.application; includeInIndex = 0; path = "UINavigationController-storyboard.app"; sourceTree = BUILT_PRODUCTS_DIR; };
		1FD5B0D41EFF4FD8008AB50F /* main.m */ = {isa = PBXFileReference; lastKnownFileType = sourcecode.c.objc; path = main.m; sourceTree = "<group>"; };
		1FD5B0D61EFF4FD8008AB50F /* AppDelegate.h */ = {isa = PBXFileReference; lastKnownFileType = sourcecode.c.h; path = AppDelegate.h; sourceTree = "<group>"; };
		1FD5B0D71EFF4FD8008AB50F /* AppDelegate.m */ = {isa = PBXFileReference; lastKnownFileType = sourcecode.c.objc; path = AppDelegate.m; sourceTree = "<group>"; };
		1FD5B0DD1EFF4FD8008AB50F /* Base */ = {isa = PBXFileReference; lastKnownFileType = file.storyboard; name = Base; path = Base.lproj/Main.storyboard; sourceTree = "<group>"; };
		1FD5B0DF1EFF4FD8008AB50F /* Assets.xcassets */ = {isa = PBXFileReference; lastKnownFileType = folder.assetcatalog; path = Assets.xcassets; sourceTree = "<group>"; };
		1FD5B0E21EFF4FD8008AB50F /* Base */ = {isa = PBXFileReference; lastKnownFileType = file.storyboard; name = Base; path = Base.lproj/LaunchScreen.storyboard; sourceTree = "<group>"; };
		1FD5B0E41EFF4FD8008AB50F /* Info.plist */ = {isa = PBXFileReference; lastKnownFileType = text.plist.xml; path = Info.plist; sourceTree = "<group>"; };
/* End PBXFileReference section */

/* Begin PBXFrameworksBuildPhase section */
		1FD5B0CD1EFF4FD8008AB50F /* Frameworks */ = {
			isa = PBXFrameworksBuildPhase;
			buildActionMask = 2147483647;
			files = (
			);
			runOnlyForDeploymentPostprocessing = 0;
		};
/* End PBXFrameworksBuildPhase section */

/* Begin PBXGroup section */
		1FD5B0C71EFF4FD8008AB50F = {
			isa = PBXGroup;
			children = (
				1FD5B0D21EFF4FD8008AB50F /* UINavigationController-storyboard */,
				1FD5B0D11EFF4FD8008AB50F /* Products */,
			);
			sourceTree = "<group>";
		};
		1FD5B0D11EFF4FD8008AB50F /* Products */ = {
			isa = PBXGroup;
			children = (
				1FD5B0D01EFF4FD8008AB50F /* UINavigationController-storyboard.app */,
			);
			name = Products;
			sourceTree = "<group>";
		};
		1FD5B0D21EFF4FD8008AB50F /* UINavigationController-storyboard */ = {
			isa = PBXGroup;
			children = (
				1FD5B0D61EFF4FD8008AB50F /* AppDelegate.h */,
				1FD5B0D71EFF4FD8008AB50F /* AppDelegate.m */,
				1FD5B0DC1EFF4FD8008AB50F /* Main.storyboard */,
				1FD5B0DF1EFF4FD8008AB50F /* Assets.xcassets */,
				1FD5B0E11EFF4FD8008AB50F /* LaunchScreen.storyboard */,
				1FD5B0E41EFF4FD8008AB50F /* Info.plist */,
				1FD5B0D31EFF4FD8008AB50F /* Supporting Files */,
				1F9D6DA71F000C4100A2718D /* SBViewControllerRoot.h */,
				1F9D6DA81F000C4100A2718D /* SBViewControllerRoot.m */,
				1F9D6DAA1F000C5100A2718D /* SBViewController02.h */,
				1F9D6DAB1F000C5100A2718D /* SBViewController02.m */,
				1F9D6DAD1F000C5F00A2718D /* SBViewController03.h */,
				1F9D6DAE1F000C5F00A2718D /* SBViewController03.m */,
			);
			path = "UINavigationController-storyboard";
			sourceTree = "<group>";
		};
		1FD5B0D31EFF4FD8008AB50F /* Supporting Files */ = {
			isa = PBXGroup;
			children = (
				1FD5B0D41EFF4FD8008AB50F /* main.m */,
			);
			name = "Supporting Files";
			sourceTree = "<group>";
		};
/* End PBXGroup section */

/* Begin PBXNativeTarget section */
		1FD5B0CF1EFF4FD8008AB50F /* UINavigationController-storyboard */ = {
			isa = PBXNativeTarget;
			buildConfigurationList = 1FD5B0E71EFF4FD8008AB50F /* Build configuration list for PBXNativeTarget "UINavigationController-storyboard" */;
			buildPhases = (
				1FD5B0CC1EFF4FD8008AB50F /* Sources */,
				1FD5B0CD1EFF4FD8008AB50F /* Frameworks */,
				1FD5B0CE1EFF4FD8008AB50F /* Resources */,
			);
			buildRules = (
			);
			dependencies = (
			);
			name = "UINavigationController-storyboard";
			productName = "UINavigationController-storyboard";
			productReference = 1FD5B0D01EFF4FD8008AB50F /* UINavigationController-storyboard.app */;
			productType = "com.apple.product-type.application";
		};
/* End PBXNativeTarget section */

/* Begin PBXProject section */
		1FD5B0C81EFF4FD8008AB50F /* Project object */ = {
			isa = PBXProject;
			attributes = {
				LastUpgradeCheck = 0830;
				ORGANIZATIONNAME = zhangdy;
				TargetAttributes = {
					1FD5B0CF1EFF4FD8008AB50F = {
						CreatedOnToolsVersion = 8.3.3;
						ProvisioningStyle = Automatic;
					};
				};
			};
			buildConfigurationList = 1FD5B0CB1EFF4FD8008AB50F /* Build configuration list for PBXProject "UINavigationController-storyboard" */;
			compatibilityVersion = "Xcode 3.2";
			developmentRegion = English;
			hasScannedForEncodings = 0;
			knownRegions = (
				en,
				Base,
			);
			mainGroup = 1FD5B0C71EFF4FD8008AB50F;
			productRefGroup = 1FD5B0D11EFF4FD8008AB50F /* Products */;
			projectDirPath = "";
			projectRoot = "";
			targets = (
				1FD5B0CF1EFF4FD8008AB50F /* UINavigationController-storyboard */,
			);
		};
/* End PBXProject section */

/* Begin PBXResourcesBuildPhase section */
		1FD5B0CE1EFF4FD8008AB50F /* Resources */ = {
			isa = PBXResourcesBuildPhase;
			buildActionMask = 2147483647;
			files = (
				1FD5B0E31EFF4FD8008AB50F /* LaunchScreen.storyboard in Resources */,
				1FD5B0E01EFF4FD8008AB50F /* Assets.xcassets in Resources */,
				1FD5B0DE1EFF4FD8008AB50F /* Main.storyboard in Resources */,
			);
			runOnlyForDeploymentPostprocessing = 0;
		};
/* End PBXResourcesBuildPhase section */

/* Begin PBXSourcesBuildPhase section */
		1FD5B0CC1EFF4FD8008AB50F /* Sources */ = {
			isa = PBXSourcesBuildPhase;
			buildActionMask = 2147483647;
			files = (
				1FD5B0D81EFF4FD8008AB50F /* AppDelegate.m in Sources */,
				1F9D6DAF1F000C5F00A2718D /* SBViewController03.m in Sources */,
				1F9D6DAC1F000C5100A2718D /* SBViewController02.m in Sources */,
				1F9D6DA91F000C4100A2718D /* SBViewControllerRoot.m in Sources */,
				1FD5B0D51EFF4FD8008AB50F /* main.m in Sources */,
			);
			runOnlyForDeploymentPostprocessing = 0;
		};
/* End PBXSourcesBuildPhase section */

/* Begin PBXVariantGroup section */
		1FD5B0DC1EFF4FD8008AB50F /* Main.storyboard */ = {
			isa = PBXVariantGroup;
			children = (
				1FD5B0DD1EFF4FD8008AB50F /* Base */,
			);
			name = Main.storyboard;
			sourceTree = "<group>";
		};
		1FD5B0E11EFF4FD8008AB50F /* LaunchScreen.storyboard */ = {
			isa = PBXVariantGroup;
			children = (
				1FD5B0E21EFF4FD8008AB50F /* Base */,
			);
			name = LaunchScreen.storyboard;
			sourceTree = "<group>";
		};
/* End PBXVariantGroup section */

/* Begin XCBuildConfiguration section */
		1FD5B0E51EFF4FD8008AB50F /* Debug */ = {
			isa = XCBuildConfiguration;
			buildSettings = {
				ALWAYS_SEARCH_USER_PATHS = NO;
				CLANG_ANALYZER_NONNULL = YES;
				CLANG_ANALYZER_NUMBER_OBJECT_CONVERSION = YES_AGGRESSIVE;
				CLANG_CXX_LANGUAGE_STANDARD = "gnu++0x";
				CLANG_CXX_LIBRARY = "libc++";
				CLANG_ENABLE_MODULES = YES;
				CLANG_ENABLE_OBJC_ARC = YES;
				CLANG_WARN_BOOL_CONVERSION = YES;
				CLANG_WARN_CONSTANT_CONVERSION = YES;
				CLANG_WARN_DIRECT_OBJC_ISA_USAGE = YES_ERROR;
				CLANG_WARN_DOCUMENTATION_COMMENTS = YES;
				CLANG_WARN_EMPTY_BODY = YES;
				CLANG_WARN_ENUM_CONVERSION = YES;
				CLANG_WARN_INFINITE_RECURSION = YES;
				CLANG_WARN_INT_CONVERSION = YES;
				CLANG_WARN_OBJC_ROOT_CLASS = YES_ERROR;
				CLANG_WARN_SUSPICIOUS_MOVE = YES;
				CLANG_WARN_UNREACHABLE_CODE = YES;
				CLANG_WARN__DUPLICATE_METHOD_MATCH = YES;
				"CODE_SIGN_IDENTITY[sdk=iphoneos*]" = "iPhone Developer";
				COPY_PHASE_STRIP = NO;
				DEBUG_INFORMATION_FORMAT = dwarf;
				ENABLE_STRICT_OBJC_MSGSEND = YES;
				ENABLE_TESTABILITY = YES;
				GCC_C_LANGUAGE_STANDARD = gnu99;
				GCC_DYNAMIC_NO_PIC = NO;
				GCC_NO_COMMON_BLOCKS = YES;
				GCC_OPTIMIZATION_LEVEL = 0;
				GCC_PREPROCESSOR_DEFINITIONS = (
					"DEBUG=1",
					"$(inherited)",
				);
				GCC_WARN_64_TO_32_BIT_CONVERSION = YES;
				GCC_WARN_ABOUT_RETURN_TYPE = YES_ERROR;
				GCC_WARN_UNDECLARED_SELECTOR = YES;
				GCC_WARN_UNINITIALIZED_AUTOS = YES_AGGRESSIVE;
				GCC_WARN_UNUSED_FUNCTION = YES;
				GCC_WARN_UNUSED_VARIABLE = YES;
				IPHONEOS_DEPLOYMENT_TARGET = 10.3;
				MTL_ENABLE_DEBUG_INFO = YES;
				ONLY_ACTIVE_ARCH = YES;
				SDKROOT = iphoneos;
				TARGETED_DEVICE_FAMILY = "1,2";
			};
			name = Debug;
		};
		1FD5B0E61EFF4FD8008AB50F /* Release */ = {
			isa = XCBuildConfiguration;
			buildSettings = {
				ALWAYS_SEARCH_USER_PATHS = NO;
				CLANG_ANALYZER_NONNULL = YES;
				CLANG_ANALYZER_NUMBER_OBJECT_CONVERSION = YES_AGGRESSIVE;
				CLANG_CXX_LANGUAGE_STANDARD = "gnu++0x";
				CLANG_CXX_LIBRARY = "libc++";
				CLANG_ENABLE_MODULES = YES;
				CLANG_ENABLE_OBJC_ARC = YES;
				CLANG_WARN_BOOL_CONVERSION = YES;
				CLANG_WARN_CONSTANT_CONVERSION = YES;
				CLANG_WARN_DIRECT_OBJC_ISA_USAGE = YES_ERROR;
				CLANG_WARN_DOCUMENTATION_COMMENTS = YES;
				CLANG_WARN_EMPTY_BODY = YES;
				CLANG_WARN_ENUM_CONVERSION = YES;
				CLANG_WARN_INFINITE_RECURSION = YES;
				CLANG_WARN_INT_CONVERSION = YES;
				CLANG_WARN_OBJC_ROOT_CLASS = YES_ERROR;
				CLANG_WARN_SUSPICIOUS_MOVE = YES;
				CLANG_WARN_UNREACHABLE_CODE = YES;
				CLANG_WARN__DUPLICATE_METHOD_MATCH = YES;
				"CODE_SIGN_IDENTITY[sdk=iphoneos*]" = "iPhone Developer";
				COPY_PHASE_STRIP = NO;
				DEBUG_INFORMATION_FORMAT = "dwarf-with-dsym";
				ENABLE_NS_ASSERTIONS = NO;
				ENABLE_STRICT_OBJC_MSGSEND = YES;
				GCC_C_LANGUAGE_STANDARD = gnu99;
				GCC_NO_COMMON_BLOCKS = YES;
				GCC_WARN_64_TO_32_BIT_CONVERSION = YES;
				GCC_WARN_ABOUT_RETURN_TYPE = YES_ERROR;
				GCC_WARN_UNDECLARED_SELECTOR = YES;
				GCC_WARN_UNINITIALIZED_AUTOS = YES_AGGRESSIVE;
				GCC_WARN_UNUSED_FUNCTION = YES;
				GCC_WARN_UNUSED_VARIABLE = YES;
				IPHONEOS_DEPLOYMENT_TARGET = 10.3;
				MTL_ENABLE_DEBUG_INFO = NO;
				SDKROOT = iphoneos;
				TARGETED_DEVICE_FAMILY = "1,2";
				VALIDATE_PRODUCT = YES;
			};
			name = Release;
		};
		1FD5B0E81EFF4FD8008AB50F /* Debug */ = {
			isa = XCBuildConfiguration;
			buildSettings = {
				ASSETCATALOG_COMPILER_APPICON_NAME = AppIcon;
				INFOPLIST_FILE = "UINavigationController-storyboard/Info.plist";
				LD_RUNPATH_SEARCH_PATHS = "$(inherited) @executable_path/Frameworks";
				PRODUCT_BUNDLE_IDENTIFIER = "com.jeenms.ios.UINavigationController-storyboard";
				PRODUCT_NAME = "$(TARGET_NAME)";
			};
			name = Debug;
		};
		1FD5B0E91EFF4FD8008AB50F /* Release */ = {
			isa = XCBuildConfiguration;
			buildSettings = {
				ASSETCATALOG_COMPILER_APPICON_NAME = AppIcon;
				INFOPLIST_FILE = "UINavigationController-storyboard/Info.plist";
				LD_RUNPATH_SEARCH_PATHS = "$(inherited) @executable_path/Frameworks";
				PRODUCT_BUNDLE_IDENTIFIER = "com.jeenms.ios.UINavigationController-storyboard";
				PRODUCT_NAME = "$(TARGET_NAME)";
			};
			name = Release;
		};
/* End XCBuildConfiguration section */

/* Begin XCConfigurationList section */
		1FD5B0CB1EFF4FD8008AB50F /* Build configuration list for PBXProject "UINavigationController-storyboard" */ = {
			isa = XCConfigurationList;
			buildConfigurations = (
				1FD5B0E51EFF4FD8008AB50F /* Debug */,
				1FD5B0E61EFF4FD8008AB50F /* Release */,
			);
			defaultConfigurationIsVisible = 0;
			defaultConfigurationName = Release;
		};
		1FD5B0E71EFF4FD8008AB50F /* Build configuration list for PBXNativeTarget "UINavigationController-storyboard" */ = {
			isa = XCConfigurationList;
			buildConfigurations = (
				1FD5B0E81EFF4FD8008AB50F /* Debug */,
				1FD5B0E91EFF4FD8008AB50F /* Release */,
			);
			defaultConfigurationIsVisible = 0;
			defaultConfigurationName = Release;
		};
/* End XCConfigurationList section */
	};
	rootObject = 1FD5B0C81EFF4FD8008AB50F /* Project object */;
}
